
Microsoft Visual Studio Solution File, Format Version 10.00
# Visual Studio 2008
Project("{FAE04EC0-301F-11D3-BF4B-00C04F79EFBC}") = "Reactive", "Reactive.csproj", "{05B1194D-67A5-4572-B728-1B3DE968AD7D}"
EndProject
Global
	GlobalSection(SolutionConfigurationPlatforms) = preSolution
		Debug|Any CPU = Debug|Any CPU
		Release|Any CPU = Release|Any CPU
	EndGlobalSection
	GlobalSection(ProjectConfigurationPlatforms) = postSolution
		{05B1194D-67A5-4572-B728-1B3DE968AD7D}.Debug|Any CPU.ActiveCfg = Debug|Any CPU
		{05B1194D-67A5-4572-B728-1B3DE968AD7D}.Debug|Any CPU.Build.0 = Debug|Any CPU
		{05B1194D-67A5-4572-B728-1B3DE968AD7D}.Release|Any CPU.ActiveCfg = Release|Any CPU
		{05B1194D-67A5-4572-B728-1B3DE968AD7D}.Release|Any CPU.Build.0 = Release|Any CPU
	EndGlobalSection
	GlobalSection(SolutionProperties) = preSolution
		HideSolutionNode = FALSE
	EndGlobalSection
EndGlobal
